
Microsoft Visual Studio Solution File, Format Version 12.00
# Visual Studio Version 17
VisualStudioVersion = 17.14.36109.1 d17.14
MinimumVisualStudioVersion = 10.0.40219.1
Project("{F184B08F-C81C-45F6-A57F-5ABD9991F28F}") = "FinalProject", "FinalProject\FinalProject.vbproj", "{75821023-ED5F-4A4E-AF26-9E379FECFBDF}"
EndProject
Global
	GlobalSection(SolutionConfigurationPlatforms) = preSolution
		Debug|Any CPU = Debug|Any CPU
		Release|Any CPU = Release|Any CPU
	EndGlobalSection
	GlobalSection(ProjectConfigurationPlatforms) = postSolution
		{75821023-ED5F-4A4E-AF26-9E379FECFBDF}.Debug|Any CPU.ActiveCfg = Debug|Any CPU
		{75821023-ED5F-4A4E-AF26-9E379FECFBDF}.Debug|Any CPU.Build.0 = Debug|Any CPU
		{75821023-ED5F-4A4E-AF26-9E379FECFBDF}.Release|Any CPU.ActiveCfg = Release|Any CPU
		{75821023-ED5F-4A4E-AF26-9E379FECFBDF}.Release|Any CPU.Build.0 = Release|Any CPU
	EndGlobalSection
	GlobalSection(SolutionProperties) = preSolution
		HideSolutionNode = FALSE
	EndGlobalSection
	GlobalSection(ExtensibilityGlobals) = postSolution
		SolutionGuid = {750335E5-E4F9-4EAB-A395-3A3E55BB35EB}
	EndGlobalSection
EndGlobal
